
Microsoft Visual Studio Solution File, Format Version 12.00
# Visual Studio Version 17
VisualStudioVersion = 17.9.34607.119
MinimumVisualStudioVersion = 10.0.40219.1
Project("{FAE04EC0-301F-11D3-BF4B-00C04F79EFBC}") = "EasyBusProject", "EasyBusProject\EasyBusProject.csproj", "{4D2FD860-B0F3-4271-81E9-A336B5454A94}"
EndProject
Global
	GlobalSection(SolutionConfigurationPlatforms) = preSolution
		Debug|Any CPU = Debug|Any CPU
		Release|Any CPU = Release|Any CPU
	EndGlobalSection
	GlobalSection(ProjectConfigurationPlatforms) = postSolution
		{4D2FD860-B0F3-4271-81E9-A336B5454A94}.Debug|Any CPU.ActiveCfg = Debug|Any CPU
		{4D2FD860-B0F3-4271-81E9-A336B5454A94}.Debug|Any CPU.Build.0 = Debug|Any CPU
		{4D2FD860-B0F3-4271-81E9-A336B5454A94}.Release|Any CPU.ActiveCfg = Release|Any CPU
		{4D2FD860-B0F3-4271-81E9-A336B5454A94}.Release|Any CPU.Build.0 = Release|Any CPU
	EndGlobalSection
	GlobalSection(SolutionProperties) = preSolution
		HideSolutionNode = FALSE
	EndGlobalSection
	GlobalSection(ExtensibilityGlobals) = postSolution
		SolutionGuid = {13150A6C-10F7-48D6-B943-D64C2FA87022}
	EndGlobalSection
EndGlobal
